
Microsoft Visual Studio Solution File, Format Version 12.00
# Visual Studio Version 16
VisualStudioVersion = 16.0.31702.278
MinimumVisualStudioVersion = 10.0.40219.1
Project("{FAE04EC0-301F-11D3-BF4B-00C04F79EFBC}") = "MegaDesk-Stratford", "MegaDesk-Stratford.csproj", "{81698BA0-FD9C-484D-8D17-6B374F856A59}"
EndProject
Global
	GlobalSection(SolutionConfigurationPlatforms) = preSolution
		Debug|Any CPU = Debug|Any CPU
		Release|Any CPU = Release|Any CPU
	EndGlobalSection
	GlobalSection(ProjectConfigurationPlatforms) = postSolution
		{81698BA0-FD9C-484D-8D17-6B374F856A59}.Debug|Any CPU.ActiveCfg = Debug|Any CPU
		{81698BA0-FD9C-484D-8D17-6B374F856A59}.Debug|Any CPU.Build.0 = Debug|Any CPU
		{81698BA0-FD9C-484D-8D17-6B374F856A59}.Release|Any CPU.ActiveCfg = Release|Any CPU
		{81698BA0-FD9C-484D-8D17-6B374F856A59}.Release|Any CPU.Build.0 = Release|Any CPU
	EndGlobalSection
	GlobalSection(SolutionProperties) = preSolution
		HideSolutionNode = FALSE
	EndGlobalSection
	GlobalSection(ExtensibilityGlobals) = postSolution
		SolutionGuid = {919EDF09-4859-47D2-A56A-75A9F8529BEA}
	EndGlobalSection
EndGlobal
